{
  "name": "@antinomyhq/forge",
  "version": "0.100.1",
  "lockfileVersion": 3,
  "requires": true,
  "packages": {
    "": {
      "name": "@antinomyhq/forge",
      "version": "0.100.1",
      "hasInstallScript": true,
      "license": "MIT",
      "bin": {
        "forge": "forge.js"
      },
      "engines": {
        "node": ">=18.0.0"
      }
    }
  }
}
